
Microsoft Visual Studio Solution File, Format Version 12.00
# Visual Studio Version 16
VisualStudioVersion = 16.0.30330.147
MinimumVisualStudioVersion = 10.0.40219.1
Project("{FAE04EC0-301F-11D3-BF4B-00C04F79EFBC}") = "L1-Dijkstra", "L1-Dijkstra\L1-Dijkstra.csproj", "{699E8645-CBAA-4D28-BEC6-60C7A7EC570F}"
EndProject
Global
	GlobalSection(SolutionConfigurationPlatforms) = preSolution
		Debug|Any CPU = Debug|Any CPU
		Release|Any CPU = Release|Any CPU
	EndGlobalSection
	GlobalSection(ProjectConfigurationPlatforms) = postSolution
		{699E8645-CBAA-4D28-BEC6-60C7A7EC570F}.Debug|Any CPU.ActiveCfg = Debug|Any CPU
		{699E8645-CBAA-4D28-BEC6-60C7A7EC570F}.Debug|Any CPU.Build.0 = Debug|Any CPU
		{699E8645-CBAA-4D28-BEC6-60C7A7EC570F}.Release|Any CPU.ActiveCfg = Release|Any CPU
		{699E8645-CBAA-4D28-BEC6-60C7A7EC570F}.Release|Any CPU.Build.0 = Release|Any CPU
	EndGlobalSection
	GlobalSection(SolutionProperties) = preSolution
		HideSolutionNode = FALSE
	EndGlobalSection
	GlobalSection(ExtensibilityGlobals) = postSolution
		SolutionGuid = {AB1B2E5E-126E-49F9-8A1C-32064FB2B45C}
	EndGlobalSection
EndGlobal
